
Microsoft Visual Studio Solution File, Format Version 12.00
# Visual Studio Version 16
VisualStudioVersion = 16.0.33328.57
MinimumVisualStudioVersion = 10.0.40219.1
Project("{9A19103F-16F7-4668-BE54-9A1E7A4F7556}") = "AspNetCoreOData7xAutoExpandWithExpandNotConfigured", "AspNetCoreOData7xAutoExpandWithExpandNotConfigured\AspNetCoreOData7xAutoExpandWithExpandNotConfigured.csproj", "{1640D311-4236-428A-8FB8-BE542BEAE647}"
EndProject
Global
	GlobalSection(SolutionConfigurationPlatforms) = preSolution
		Debug|Any CPU = Debug|Any CPU
		Release|Any CPU = Release|Any CPU
	EndGlobalSection
	GlobalSection(ProjectConfigurationPlatforms) = postSolution
		{1640D311-4236-428A-8FB8-BE542BEAE647}.Debug|Any CPU.ActiveCfg = Debug|Any CPU
		{1640D311-4236-428A-8FB8-BE542BEAE647}.Debug|Any CPU.Build.0 = Debug|Any CPU
		{1640D311-4236-428A-8FB8-BE542BEAE647}.Release|Any CPU.ActiveCfg = Release|Any CPU
		{1640D311-4236-428A-8FB8-BE542BEAE647}.Release|Any CPU.Build.0 = Release|Any CPU
	EndGlobalSection
	GlobalSection(SolutionProperties) = preSolution
		HideSolutionNode = FALSE
	EndGlobalSection
	GlobalSection(ExtensibilityGlobals) = postSolution
		SolutionGuid = {AA757568-9E27-4C20-A555-635DFDCA5C4F}
	EndGlobalSection
EndGlobal
